// !$*UTF8*$!
{
	archiveVersion = 1;
	classes = {
	};
	objectVersion = 46;
	objects = {

/* Begin PBXBuildFile section */
		670413361F0211EB005BDF55 /* main.m in Sources */ = {isa = PBXBuildFile; fileRef = 670413351F0211EB005BDF55 /* main.m */; };
		670413391F0211EB005BDF55 /* AppDelegate.m in Sources */ = {isa = PBXBuildFile; fileRef = 670413381F0211EB005BDF55 /* AppDelegate.m */; };
		670413411F0211EB005BDF55 /* Assets.xcassets in Resources */ = {isa = PBXBuildFile; fileRef = 670413401F0211EB005BDF55 /* Assets.xcassets */; };
		670413441F0211EC005BDF55 /* LaunchScreen.storyboard in Resources */ = {isa = PBXBuildFile; fileRef = 670413421F0211EC005BDF55 /* LaunchScreen.storyboard */; };
		6704134E1F022DA2005BDF55 /* UIKit.framework in Frameworks */ = {isa = PBXBuildFile; fileRef = 6704134D1F022DA2005BDF55 /* UIKit.framework */; };
		670413501F022DAC005BDF55 /* Foundation.framework in Frameworks */ = {isa = PBXBuildFile; fileRef = 6704134F1F022DAC005BDF55 /* Foundation.framework */; };
		670413551F02303F005BDF55 /* NSObject+Extension.m in Sources */ = {isa = PBXBuildFile; fileRef = 670413541F02303F005BDF55 /* NSObject+Extension.m */; };
		670413581F02344B005BDF55 /* NSString+Extension.m in Sources */ = {isa = PBXBuildFile; fileRef = 670413571F02344B005BDF55 /* NSString+Extension.m */; };
		6704135B1F023C07005BDF55 /* NSJSONSerialization+Extension.m in Sources */ = {isa = PBXBuildFile; fileRef = 6704135A1F023C07005BDF55 /* NSJSONSerialization+Extension.m */; };
		670413601F024CE9005BDF55 /* UIView+Extension.m in Sources */ = {isa = PBXBuildFile; fileRef = 6704135F1F024CE9005BDF55 /* UIView+Extension.m */; };
		670413631F0255AC005BDF55 /* UIControl+Extension.m in Sources */ = {isa = PBXBuildFile; fileRef = 670413621F0255AC005BDF55 /* UIControl+Extension.m */; };
		670413661F025715005BDF55 /* UIStoryboard+Extension.m in Sources */ = {isa = PBXBuildFile; fileRef = 670413651F025715005BDF55 /* UIStoryboard+Extension.m */; };
		670413731F03D22A005BDF55 /* NSDictionary+Extension.m in Sources */ = {isa = PBXBuildFile; fileRef = 670413721F03D22A005BDF55 /* NSDictionary+Extension.m */; };
		670F487E1F15BB9400C20F4E /* UIImage+Extension.m in Sources */ = {isa = PBXBuildFile; fileRef = 670F487D1F15BB9400C20F4E /* UIImage+Extension.m */; };
		670F48811F15C42900C20F4E /* UINavigationBar+Extension.m in Sources */ = {isa = PBXBuildFile; fileRef = 670F48801F15C42900C20F4E /* UINavigationBar+Extension.m */; };
		670F48851F15C87100C20F4E /* Demo_UIViewExtension.m in Sources */ = {isa = PBXBuildFile; fileRef = 670F48841F15C87100C20F4E /* Demo_UIViewExtension.m */; };
		670F48881F15C89500C20F4E /* Demo_UIControlExtension.m in Sources */ = {isa = PBXBuildFile; fileRef = 670F48871F15C89500C20F4E /* Demo_UIControlExtension.m */; };
		670F488B1F15C8A800C20F4E /* Demo_UIStoryboardExtension.m in Sources */ = {isa = PBXBuildFile; fileRef = 670F488A1F15C8A800C20F4E /* Demo_UIStoryboardExtension.m */; };
		670F488E1F15C8BC00C20F4E /* Demo_UIApplicationExtension.m in Sources */ = {isa = PBXBuildFile; fileRef = 670F488D1F15C8BC00C20F4E /* Demo_UIApplicationExtension.m */; };
		670F48911F15C8C900C20F4E /* Demo_UIImageExtension.m in Sources */ = {isa = PBXBuildFile; fileRef = 670F48901F15C8C900C20F4E /* Demo_UIImageExtension.m */; };
		670F48941F15C8D500C20F4E /* Demo_UINavigationBarExtension.m in Sources */ = {isa = PBXBuildFile; fileRef = 670F48931F15C8D500C20F4E /* Demo_UINavigationBarExtension.m */; };
		670F48991F15C92100C20F4E /* Demo_NSObjectExtension.m in Sources */ = {isa = PBXBuildFile; fileRef = 670F48981F15C92100C20F4E /* Demo_NSObjectExtension.m */; };
		670F489C1F15C93400C20F4E /* Demo_NSStringExtension.m in Sources */ = {isa = PBXBuildFile; fileRef = 670F489B1F15C93400C20F4E /* Demo_NSStringExtension.m */; };
		670F489F1F15C94200C20F4E /* Demo_NSJSONSerializationExtension.m in Sources */ = {isa = PBXBuildFile; fileRef = 670F489E1F15C94200C20F4E /* Demo_NSJSONSerializationExtension.m */; };
		670F48A21F15C95000C20F4E /* Demo_NSDictionaryExtension.m in Sources */ = {isa = PBXBuildFile; fileRef = 670F48A11F15C95000C20F4E /* Demo_NSDictionaryExtension.m */; };
		670F48A51F15CD1B00C20F4E /* Main.storyboard in Resources */ = {isa = PBXBuildFile; fileRef = 670F48A41F15CD1B00C20F4E /* Main.storyboard */; };
		670F48A71F15CDA100C20F4E /* MRUIKit.storyboard in Resources */ = {isa = PBXBuildFile; fileRef = 670F48A61F15CDA100C20F4E /* MRUIKit.storyboard */; };
		670F48A91F15CDB600C20F4E /* MRFoundation.storyboard in Resources */ = {isa = PBXBuildFile; fileRef = 670F48A81F15CDB600C20F4E /* MRFoundation.storyboard */; };
		670F48AC1F15CE3400C20F4E /* RootViewController.m in Sources */ = {isa = PBXBuildFile; fileRef = 670F48AB1F15CE3400C20F4E /* RootViewController.m */; };
		670F48AF1F15D7DB00C20F4E /* API_MRFoundationController.m in Sources */ = {isa = PBXBuildFile; fileRef = 670F48AE1F15D7DB00C20F4E /* API_MRFoundationController.m */; };
		670F48B21F15D81500C20F4E /* API_MRUIKitController.m in Sources */ = {isa = PBXBuildFile; fileRef = 670F48B11F15D81500C20F4E /* API_MRUIKitController.m */; };
		6775767E1F11162D00715F6B /* MRFramework.podspec in Resources */ = {isa = PBXBuildFile; fileRef = 6775767D1F11162C00715F6B /* MRFramework.podspec */; };
		677576811F11165F00715F6B /* UIApplication+Extension.m in Sources */ = {isa = PBXBuildFile; fileRef = 677576801F11165F00715F6B /* UIApplication+Extension.m */; };
/* End PBXBuildFile section */

/* Begin PBXFileReference section */
		670413311F0211EB005BDF55 /* MRFramework.app */ = {isa = PBXFileReference; explicitFileType = wrapper.application; includeInIndex = 0; path = MRFramework.app; sourceTree = BUILT_PRODUCTS_DIR; };
		670413351F0211EB005BDF55 /* main.m */ = {isa = PBXFileReference; lastKnownFileType = sourcecode.c.objc; path = main.m; sourceTree = "<group>"; };
		670413371F0211EB005BDF55 /* AppDelegate.h */ = {isa = PBXFileReference; lastKnownFileType = sourcecode.c.h; path = AppDelegate.h; sourceTree = "<group>"; };
		670413381F0211EB005BDF55 /* AppDelegate.m */ = {isa = PBXFileReference; lastKnownFileType = sourcecode.c.objc; path = AppDelegate.m; sourceTree = "<group>"; };
		670413401F0211EB005BDF55 /* Assets.xcassets */ = {isa = PBXFileReference; lastKnownFileType = folder.assetcatalog; path = Assets.xcassets; sourceTree = "<group>"; };
		670413431F0211EC005BDF55 /* Base */ = {isa = PBXFileReference; lastKnownFileType = file.storyboard; name = Base; path = Base.lproj/LaunchScreen.storyboard; sourceTree = "<group>"; };
		670413451F0211EC005BDF55 /* Info.plist */ = {isa = PBXFileReference; lastKnownFileType = text.plist.xml; path = Info.plist; sourceTree = "<group>"; };
		6704134D1F022DA2005BDF55 /* UIKit.framework */ = {isa = PBXFileReference; lastKnownFileType = wrapper.framework; name = UIKit.framework; path = System/Library/Frameworks/UIKit.framework; sourceTree = SDKROOT; };
		6704134F1F022DAC005BDF55 /* Foundation.framework */ = {isa = PBXFileReference; lastKnownFileType = wrapper.framework; name = Foundation.framework; path = System/Library/Frameworks/Foundation.framework; sourceTree = SDKROOT; };
		670413531F02303F005BDF55 /* NSObject+Extension.h */ = {isa = PBXFileReference; fileEncoding = 4; lastKnownFileType = sourcecode.c.h; path = "NSObject+Extension.h"; sourceTree = "<group>"; };
		670413541F02303F005BDF55 /* NSObject+Extension.m */ = {isa = PBXFileReference; fileEncoding = 4; lastKnownFileType = sourcecode.c.objc; path = "NSObject+Extension.m"; sourceTree = "<group>"; };
		670413561F02344B005BDF55 /* NSString+Extension.h */ = {isa = PBXFileReference; fileEncoding = 4; lastKnownFileType = sourcecode.c.h; path = "NSString+Extension.h"; sourceTree = "<group>"; };
		670413571F02344B005BDF55 /* NSString+Extension.m */ = {isa = PBXFileReference; fileEncoding = 4; lastKnownFileType = sourcecode.c.objc; path = "NSString+Extension.m"; sourceTree = "<group>"; };
		670413591F023C07005BDF55 /* NSJSONSerialization+Extension.h */ = {isa = PBXFileReference; fileEncoding = 4; lastKnownFileType = sourcecode.c.h; path = "NSJSONSerialization+Extension.h"; sourceTree = "<group>"; };
		6704135A1F023C07005BDF55 /* NSJSONSerialization+Extension.m */ = {isa = PBXFileReference; fileEncoding = 4; lastKnownFileType = sourcecode.c.objc; path = "NSJSONSerialization+Extension.m"; sourceTree = "<group>"; };
		6704135C1F024BC7005BDF55 /* MRFoundation.h */ = {isa = PBXFileReference; lastKnownFileType = sourcecode.c.h; path = MRFoundation.h; sourceTree = "<group>"; };
		6704135D1F024C67005BDF55 /* MRUIKit.h */ = {isa = PBXFileReference; lastKnownFileType = sourcecode.c.h; path = MRUIKit.h; sourceTree = "<group>"; };
		6704135E1F024CE9005BDF55 /* UIView+Extension.h */ = {isa = PBXFileReference; fileEncoding = 4; lastKnownFileType = sourcecode.c.h; path = "UIView+Extension.h"; sourceTree = "<group>"; };
		6704135F1F024CE9005BDF55 /* UIView+Extension.m */ = {isa = PBXFileReference; fileEncoding = 4; lastKnownFileType = sourcecode.c.objc; path = "UIView+Extension.m"; sourceTree = "<group>"; };
		670413611F0255AC005BDF55 /* UIControl+Extension.h */ = {isa = PBXFileReference; fileEncoding = 4; lastKnownFileType = sourcecode.c.h; path = "UIControl+Extension.h"; sourceTree = "<group>"; };
		670413621F0255AC005BDF55 /* UIControl+Extension.m */ = {isa = PBXFileReference; fileEncoding = 4; lastKnownFileType = sourcecode.c.objc; path = "UIControl+Extension.m"; sourceTree = "<group>"; };
		670413641F025715005BDF55 /* UIStoryboard+Extension.h */ = {isa = PBXFileReference; fileEncoding = 4; lastKnownFileType = sourcecode.c.h; path = "UIStoryboard+Extension.h"; sourceTree = "<group>"; };
		670413651F025715005BDF55 /* UIStoryboard+Extension.m */ = {isa = PBXFileReference; fileEncoding = 4; lastKnownFileType = sourcecode.c.objc; path = "UIStoryboard+Extension.m"; sourceTree = "<group>"; };
		670413711F03D22A005BDF55 /* NSDictionary+Extension.h */ = {isa = PBXFileReference; fileEncoding = 4; lastKnownFileType = sourcecode.c.h; path = "NSDictionary+Extension.h"; sourceTree = "<group>"; };
		670413721F03D22A005BDF55 /* NSDictionary+Extension.m */ = {isa = PBXFileReference; fileEncoding = 4; lastKnownFileType = sourcecode.c.objc; path = "NSDictionary+Extension.m"; sourceTree = "<group>"; };
		670F487C1F15BB9400C20F4E /* UIImage+Extension.h */ = {isa = PBXFileReference; fileEncoding = 4; lastKnownFileType = sourcecode.c.h; path = "UIImage+Extension.h"; sourceTree = "<group>"; };
		670F487D1F15BB9400C20F4E /* UIImage+Extension.m */ = {isa = PBXFileReference; fileEncoding = 4; lastKnownFileType = sourcecode.c.objc; path = "UIImage+Extension.m"; sourceTree = "<group>"; };
		670F487F1F15C42900C20F4E /* UINavigationBar+Extension.h */ = {isa = PBXFileReference; fileEncoding = 4; lastKnownFileType = sourcecode.c.h; path = "UINavigationBar+Extension.h"; sourceTree = "<group>"; };
		670F48801F15C42900C20F4E /* UINavigationBar+Extension.m */ = {isa = PBXFileReference; fileEncoding = 4; lastKnownFileType = sourcecode.c.objc; path = "UINavigationBar+Extension.m"; sourceTree = "<group>"; };
		670F48831F15C87100C20F4E /* Demo_UIViewExtension.h */ = {isa = PBXFileReference; fileEncoding = 4; lastKnownFileType = sourcecode.c.h; path = Demo_UIViewExtension.h; sourceTree = "<group>"; };
		670F48841F15C87100C20F4E /* Demo_UIViewExtension.m */ = {isa = PBXFileReference; fileEncoding = 4; lastKnownFileType = sourcecode.c.objc; path = Demo_UIViewExtension.m; sourceTree = "<group>"; };
		670F48861F15C89500C20F4E /* Demo_UIControlExtension.h */ = {isa = PBXFileReference; fileEncoding = 4; lastKnownFileType = sourcecode.c.h; path = Demo_UIControlExtension.h; sourceTree = "<group>"; };
		670F48871F15C89500C20F4E /* Demo_UIControlExtension.m */ = {isa = PBXFileReference; fileEncoding = 4; lastKnownFileType = sourcecode.c.objc; path = Demo_UIControlExtension.m; sourceTree = "<group>"; };
		670F48891F15C8A800C20F4E /* Demo_UIStoryboardExtension.h */ = {isa = PBXFileReference; fileEncoding = 4; lastKnownFileType = sourcecode.c.h; path = Demo_UIStoryboardExtension.h; sourceTree = "<group>"; };
		670F488A1F15C8A800C20F4E /* Demo_UIStoryboardExtension.m */ = {isa = PBXFileReference; fileEncoding = 4; lastKnownFileType = sourcecode.c.objc; path = Demo_UIStoryboardExtension.m; sourceTree = "<group>"; };
		670F488C1F15C8BC00C20F4E /* Demo_UIApplicationExtension.h */ = {isa = PBXFileReference; fileEncoding = 4; lastKnownFileType = sourcecode.c.h; path = Demo_UIApplicationExtension.h; sourceTree = "<group>"; };
		670F488D1F15C8BC00C20F4E /* Demo_UIApplicationExtension.m */ = {isa = PBXFileReference; fileEncoding = 4; lastKnownFileType = sourcecode.c.objc; path = Demo_UIApplicationExtension.m; sourceTree = "<group>"; };
		670F488F1F15C8C900C20F4E /* Demo_UIImageExtension.h */ = {isa = PBXFileReference; fileEncoding = 4; lastKnownFileType = sourcecode.c.h; path = Demo_UIImageExtension.h; sourceTree = "<group>"; };
		670F48901F15C8C900C20F4E /* Demo_UIImageExtension.m */ = {isa = PBXFileReference; fileEncoding = 4; lastKnownFileType = sourcecode.c.objc; path = Demo_UIImageExtension.m; sourceTree = "<group>"; };
		670F48921F15C8D500C20F4E /* Demo_UINavigationBarExtension.h */ = {isa = PBXFileReference; fileEncoding = 4; lastKnownFileType = sourcecode.c.h; path = Demo_UINavigationBarExtension.h; sourceTree = "<group>"; };
		670F48931F15C8D500C20F4E /* Demo_UINavigationBarExtension.m */ = {isa = PBXFileReference; fileEncoding = 4; lastKnownFileType = sourcecode.c.objc; path = Demo_UINavigationBarExtension.m; sourceTree = "<group>"; };
		670F48971F15C92100C20F4E /* Demo_NSObjectExtension.h */ = {isa = PBXFileReference; fileEncoding = 4; lastKnownFileType = sourcecode.c.h; path = Demo_NSObjectExtension.h; sourceTree = "<group>"; };
		670F48981F15C92100C20F4E /* Demo_NSObjectExtension.m */ = {isa = PBXFileReference; fileEncoding = 4; lastKnownFileType = sourcecode.c.objc; path = Demo_NSObjectExtension.m; sourceTree = "<group>"; };
		670F489A1F15C93400C20F4E /* Demo_NSStringExtension.h */ = {isa = PBXFileReference; fileEncoding = 4; lastKnownFileType = sourcecode.c.h; path = Demo_NSStringExtension.h; sourceTree = "<group>"; };
		670F489B1F15C93400C20F4E /* Demo_NSStringExtension.m */ = {isa = PBXFileReference; fileEncoding = 4; lastKnownFileType = sourcecode.c.objc; path = Demo_NSStringExtension.m; sourceTree = "<group>"; };
		670F489D1F15C94200C20F4E /* Demo_NSJSONSerializationExtension.h */ = {isa = PBXFileReference; fileEncoding = 4; lastKnownFileType = sourcecode.c.h; path = Demo_NSJSONSerializationExtension.h; sourceTree = "<group>"; };
		670F489E1F15C94200C20F4E /* Demo_NSJSONSerializationExtension.m */ = {isa = PBXFileReference; fileEncoding = 4; lastKnownFileType = sourcecode.c.objc; path = Demo_NSJSONSerializationExtension.m; sourceTree = "<group>"; };
		670F48A01F15C95000C20F4E /* Demo_NSDictionaryExtension.h */ = {isa = PBXFileReference; fileEncoding = 4; lastKnownFileType = sourcecode.c.h; path = Demo_NSDictionaryExtension.h; sourceTree = "<group>"; };
		670F48A11F15C95000C20F4E /* Demo_NSDictionaryExtension.m */ = {isa = PBXFileReference; fileEncoding = 4; lastKnownFileType = sourcecode.c.objc; path = Demo_NSDictionaryExtension.m; sourceTree = "<group>"; };
		670F48A41F15CD1B00C20F4E /* Main.storyboard */ = {isa = PBXFileReference; fileEncoding = 4; lastKnownFileType = file.storyboard; path = Main.storyboard; sourceTree = "<group>"; };
		670F48A61F15CDA100C20F4E /* MRUIKit.storyboard */ = {isa = PBXFileReference; fileEncoding = 4; lastKnownFileType = file.storyboard; path = MRUIKit.storyboard; sourceTree = "<group>"; };
		670F48A81F15CDB600C20F4E /* MRFoundation.storyboard */ = {isa = PBXFileReference; fileEncoding = 4; lastKnownFileType = file.storyboard; path = MRFoundation.storyboard; sourceTree = "<group>"; };
		670F48AA1F15CE3400C20F4E /* RootViewController.h */ = {isa = PBXFileReference; fileEncoding = 4; lastKnownFileType = sourcecode.c.h; path = RootViewController.h; sourceTree = "<group>"; };
		670F48AB1F15CE3400C20F4E /* RootViewController.m */ = {isa = PBXFileReference; fileEncoding = 4; lastKnownFileType = sourcecode.c.objc; path = RootViewController.m; sourceTree = "<group>"; };
		670F48AD1F15D7DB00C20F4E /* API_MRFoundationController.h */ = {isa = PBXFileReference; fileEncoding = 4; lastKnownFileType = sourcecode.c.h; path = API_MRFoundationController.h; sourceTree = "<group>"; };
		670F48AE1F15D7DB00C20F4E /* API_MRFoundationController.m */ = {isa = PBXFileReference; fileEncoding = 4; lastKnownFileType = sourcecode.c.objc; path = API_MRFoundationController.m; sourceTree = "<group>"; };
		670F48B01F15D81500C20F4E /* API_MRUIKitController.h */ = {isa = PBXFileReference; fileEncoding = 4; lastKnownFileType = sourcecode.c.h; path = API_MRUIKitController.h; sourceTree = "<group>"; };
		670F48B11F15D81500C20F4E /* API_MRUIKitController.m */ = {isa = PBXFileReference; fileEncoding = 4; lastKnownFileType = sourcecode.c.objc; path = API_MRUIKitController.m; sourceTree = "<group>"; };
		6775767D1F11162C00715F6B /* MRFramework.podspec */ = {isa = PBXFileReference; fileEncoding = 4; lastKnownFileType = text; path = MRFramework.podspec; sourceTree = "<group>"; };
		6775767F1F11165F00715F6B /* UIApplication+Extension.h */ = {isa = PBXFileReference; fileEncoding = 4; lastKnownFileType = sourcecode.c.h; path = "UIApplication+Extension.h"; sourceTree = "<group>"; };
		677576801F11165F00715F6B /* UIApplication+Extension.m */ = {isa = PBXFileReference; fileEncoding = 4; lastKnownFileType = sourcecode.c.objc; path = "UIApplication+Extension.m"; sourceTree = "<group>"; };
/* End PBXFileReference section */

/* Begin PBXFrameworksBuildPhase section */
		6704132E1F0211EB005BDF55 /* Frameworks */ = {
			isa = PBXFrameworksBuildPhase;
			buildActionMask = 2147483647;
			files = (
				670413501F022DAC005BDF55 /* Foundation.framework in Frameworks */,
				6704134E1F022DA2005BDF55 /* UIKit.framework in Frameworks */,
			);
			runOnlyForDeploymentPostprocessing = 0;
		};
/* End PBXFrameworksBuildPhase section */

/* Begin PBXGroup section */
		670413281F0211EB005BDF55 = {
			isa = PBXGroup;
			children = (
				6775767D1F11162C00715F6B /* MRFramework.podspec */,
				6704134C1F022D7B005BDF55 /* Frameworks */,
				6704134B1F022D34005BDF55 /* Classes */,
				670413331F0211EB005BDF55 /* MRFramework */,
				670413321F0211EB005BDF55 /* Products */,
			);
			sourceTree = "<group>";
		};
		670413321F0211EB005BDF55 /* Products */ = {
			isa = PBXGroup;
			children = (
				670413311F0211EB005BDF55 /* MRFramework.app */,
			);
			name = Products;
			sourceTree = "<group>";
		};
		670413331F0211EB005BDF55 /* MRFramework */ = {
			isa = PBXGroup;
			children = (
				670413371F0211EB005BDF55 /* AppDelegate.h */,
				670413381F0211EB005BDF55 /* AppDelegate.m */,
				670F48AA1F15CE3400C20F4E /* RootViewController.h */,
				670F48AB1F15CE3400C20F4E /* RootViewController.m */,
				670F48A31F15C95C00C20F4E /* Storyboards */,
				670F48821F15C80D00C20F4E /* ViewControllers */,
				670413401F0211EB005BDF55 /* Assets.xcassets */,
				670413421F0211EC005BDF55 /* LaunchScreen.storyboard */,
				670413451F0211EC005BDF55 /* Info.plist */,
				670413341F0211EB005BDF55 /* Supporting Files */,
			);
			path = MRFramework;
			sourceTree = "<group>";
		};
		670413341F0211EB005BDF55 /* Supporting Files */ = {
			isa = PBXGroup;
			children = (
				670413351F0211EB005BDF55 /* main.m */,
			);
			name = "Supporting Files";
			sourceTree = "<group>";
		};
		6704134B1F022D34005BDF55 /* Classes */ = {
			isa = PBXGroup;
			children = (
				670413521F022DCC005BDF55 /* UIKit-Extension */,
				670413511F022DCC005BDF55 /* Foundation-Extension */,
			);
			path = Classes;
			sourceTree = "<group>";
		};
		6704134C1F022D7B005BDF55 /* Frameworks */ = {
			isa = PBXGroup;
			children = (
				6704134D1F022DA2005BDF55 /* UIKit.framework */,
				6704134F1F022DAC005BDF55 /* Foundation.framework */,
			);
			name = Frameworks;
			sourceTree = "<group>";
		};
		670413511F022DCC005BDF55 /* Foundation-Extension */ = {
			isa = PBXGroup;
			children = (
				6704135C1F024BC7005BDF55 /* MRFoundation.h */,
				670413531F02303F005BDF55 /* NSObject+Extension.h */,
				670413541F02303F005BDF55 /* NSObject+Extension.m */,
				670413561F02344B005BDF55 /* NSString+Extension.h */,
				670413571F02344B005BDF55 /* NSString+Extension.m */,
				670413591F023C07005BDF55 /* NSJSONSerialization+Extension.h */,
				6704135A1F023C07005BDF55 /* NSJSONSerialization+Extension.m */,
				670413711F03D22A005BDF55 /* NSDictionary+Extension.h */,
				670413721F03D22A005BDF55 /* NSDictionary+Extension.m */,
			);
			path = "Foundation-Extension";
			sourceTree = "<group>";
		};
		670413521F022DCC005BDF55 /* UIKit-Extension */ = {
			isa = PBXGroup;
			children = (
				6704135D1F024C67005BDF55 /* MRUIKit.h */,
				6704135E1F024CE9005BDF55 /* UIView+Extension.h */,
				6704135F1F024CE9005BDF55 /* UIView+Extension.m */,
				670413611F0255AC005BDF55 /* UIControl+Extension.h */,
				670413621F0255AC005BDF55 /* UIControl+Extension.m */,
				670413641F025715005BDF55 /* UIStoryboard+Extension.h */,
				670413651F025715005BDF55 /* UIStoryboard+Extension.m */,
				6775767F1F11165F00715F6B /* UIApplication+Extension.h */,
				677576801F11165F00715F6B /* UIApplication+Extension.m */,
				670F487C1F15BB9400C20F4E /* UIImage+Extension.h */,
				670F487D1F15BB9400C20F4E /* UIImage+Extension.m */,
				670F487F1F15C42900C20F4E /* UINavigationBar+Extension.h */,
				670F48801F15C42900C20F4E /* UINavigationBar+Extension.m */,
			);
			path = "UIKit-Extension";
			sourceTree = "<group>";
		};
		670F48821F15C80D00C20F4E /* ViewControllers */ = {
			isa = PBXGroup;
			children = (
				670F48961F15C8FE00C20F4E /* Demo_MRFoundation */,
				670F48951F15C8E500C20F4E /* Demo_MRUIKit */,
			);
			name = ViewControllers;
			sourceTree = "<group>";
		};
		670F48951F15C8E500C20F4E /* Demo_MRUIKit */ = {
			isa = PBXGroup;
			children = (
				670F48B01F15D81500C20F4E /* API_MRUIKitController.h */,
				670F48B11F15D81500C20F4E /* API_MRUIKitController.m */,
				670F48831F15C87100C20F4E /* Demo_UIViewExtension.h */,
				670F48841F15C87100C20F4E /* Demo_UIViewExtension.m */,
				670F48861F15C89500C20F4E /* Demo_UIControlExtension.h */,
				670F48871F15C89500C20F4E /* Demo_UIControlExtension.m */,
				670F48891F15C8A800C20F4E /* Demo_UIStoryboardExtension.h */,
				670F488A1F15C8A800C20F4E /* Demo_UIStoryboardExtension.m */,
				670F488C1F15C8BC00C20F4E /* Demo_UIApplicationExtension.h */,
				670F488D1F15C8BC00C20F4E /* Demo_UIApplicationExtension.m */,
				670F488F1F15C8C900C20F4E /* Demo_UIImageExtension.h */,
				670F48901F15C8C900C20F4E /* Demo_UIImageExtension.m */,
				670F48921F15C8D500C20F4E /* Demo_UINavigationBarExtension.h */,
				670F48931F15C8D500C20F4E /* Demo_UINavigationBarExtension.m */,
			);
			name = Demo_MRUIKit;
			sourceTree = "<group>";
		};
		670F48961F15C8FE00C20F4E /* Demo_MRFoundation */ = {
			isa = PBXGroup;
			children = (
				670F48AD1F15D7DB00C20F4E /* API_MRFoundationController.h */,
				670F48AE1F15D7DB00C20F4E /* API_MRFoundationController.m */,
				670F48971F15C92100C20F4E /* Demo_NSObjectExtension.h */,
				670F48981F15C92100C20F4E /* Demo_NSObjectExtension.m */,
				670F489A1F15C93400C20F4E /* Demo_NSStringExtension.h */,
				670F489B1F15C93400C20F4E /* Demo_NSStringExtension.m */,
				670F489D1F15C94200C20F4E /* Demo_NSJSONSerializationExtension.h */,
				670F489E1F15C94200C20F4E /* Demo_NSJSONSerializationExtension.m */,
				670F48A01F15C95000C20F4E /* Demo_NSDictionaryExtension.h */,
				670F48A11F15C95000C20F4E /* Demo_NSDictionaryExtension.m */,
			);
			name = Demo_MRFoundation;
			sourceTree = "<group>";
		};
		670F48A31F15C95C00C20F4E /* Storyboards */ = {
			isa = PBXGroup;
			children = (
				670F48A41F15CD1B00C20F4E /* Main.storyboard */,
				670F48A61F15CDA100C20F4E /* MRUIKit.storyboard */,
				670F48A81F15CDB600C20F4E /* MRFoundation.storyboard */,
			);
			name = Storyboards;
			sourceTree = "<group>";
		};
/* End PBXGroup section */

/* Begin PBXNativeTarget section */
		670413301F0211EB005BDF55 /* MRFramework */ = {
			isa = PBXNativeTarget;
			buildConfigurationList = 670413481F0211EC005BDF55 /* Build configuration list for PBXNativeTarget "MRFramework" */;
			buildPhases = (
				6704132D1F0211EB005BDF55 /* Sources */,
				6704132E1F0211EB005BDF55 /* Frameworks */,
				6704132F1F0211EB005BDF55 /* Resources */,
			);
			buildRules = (
			);
			dependencies = (
			);
			name = MRFramework;
			productName = MRFramework;
			productReference = 670413311F0211EB005BDF55 /* MRFramework.app */;
			productType = "com.apple.product-type.application";
		};
/* End PBXNativeTarget section */

/* Begin PBXProject section */
		670413291F0211EB005BDF55 /* Project object */ = {
			isa = PBXProject;
			attributes = {
				LastUpgradeCheck = 0830;
				ORGANIZATIONNAME = MrXir;
				TargetAttributes = {
					670413301F0211EB005BDF55 = {
						CreatedOnToolsVersion = 8.3.2;
						DevelopmentTeam = 4HXKSPK349;
						ProvisioningStyle = Automatic;
					};
				};
			};
			buildConfigurationList = 6704132C1F0211EB005BDF55 /* Build configuration list for PBXProject "MRFramework" */;
			compatibilityVersion = "Xcode 3.2";
			developmentRegion = English;
			hasScannedForEncodings = 0;
			knownRegions = (
				en,
				Base,
			);
			mainGroup = 670413281F0211EB005BDF55;
			productRefGroup = 670413321F0211EB005BDF55 /* Products */;
			projectDirPath = "";
			projectRoot = "";
			targets = (
				670413301F0211EB005BDF55 /* MRFramework */,
			);
		};
/* End PBXProject section */

/* Begin PBXResourcesBuildPhase section */
		6704132F1F0211EB005BDF55 /* Resources */ = {
			isa = PBXResourcesBuildPhase;
			buildActionMask = 2147483647;
			files = (
				670F48A91F15CDB600C20F4E /* MRFoundation.storyboard in Resources */,
				670F48A71F15CDA100C20F4E /* MRUIKit.storyboard in Resources */,
				670413441F0211EC005BDF55 /* LaunchScreen.storyboard in Resources */,
				6775767E1F11162D00715F6B /* MRFramework.podspec in Resources */,
				670413411F0211EB005BDF55 /* Assets.xcassets in Resources */,
				670F48A51F15CD1B00C20F4E /* Main.storyboard in Resources */,
			);
			runOnlyForDeploymentPostprocessing = 0;
		};
/* End PBXResourcesBuildPhase section */

/* Begin PBXSourcesBuildPhase section */
		6704132D1F0211EB005BDF55 /* Sources */ = {
			isa = PBXSourcesBuildPhase;
			buildActionMask = 2147483647;
			files = (
				670F48991F15C92100C20F4E /* Demo_NSObjectExtension.m in Sources */,
				670F48911F15C8C900C20F4E /* Demo_UIImageExtension.m in Sources */,
				670F48AC1F15CE3400C20F4E /* RootViewController.m in Sources */,
				670F48881F15C89500C20F4E /* Demo_UIControlExtension.m in Sources */,
				670413731F03D22A005BDF55 /* NSDictionary+Extension.m in Sources */,
				670F489F1F15C94200C20F4E /* Demo_NSJSONSerializationExtension.m in Sources */,
				677576811F11165F00715F6B /* UIApplication+Extension.m in Sources */,
				670413581F02344B005BDF55 /* NSString+Extension.m in Sources */,
				670F488E1F15C8BC00C20F4E /* Demo_UIApplicationExtension.m in Sources */,
				670F48851F15C87100C20F4E /* Demo_UIViewExtension.m in Sources */,
				670413391F0211EB005BDF55 /* AppDelegate.m in Sources */,
				670413601F024CE9005BDF55 /* UIView+Extension.m in Sources */,
				670413661F025715005BDF55 /* UIStoryboard+Extension.m in Sources */,
				670F48941F15C8D500C20F4E /* Demo_UINavigationBarExtension.m in Sources */,
				670F48B21F15D81500C20F4E /* API_MRUIKitController.m in Sources */,
				670F48811F15C42900C20F4E /* UINavigationBar+Extension.m in Sources */,
				670413361F0211EB005BDF55 /* main.m in Sources */,
				670F487E1F15BB9400C20F4E /* UIImage+Extension.m in Sources */,
				670413551F02303F005BDF55 /* NSObject+Extension.m in Sources */,
				670F48AF1F15D7DB00C20F4E /* API_MRFoundationController.m in Sources */,
				670F48A21F15C95000C20F4E /* Demo_NSDictionaryExtension.m in Sources */,
				670F489C1F15C93400C20F4E /* Demo_NSStringExtension.m in Sources */,
				6704135B1F023C07005BDF55 /* NSJSONSerialization+Extension.m in Sources */,
				670413631F0255AC005BDF55 /* UIControl+Extension.m in Sources */,
				670F488B1F15C8A800C20F4E /* Demo_UIStoryboardExtension.m in Sources */,
			);
			runOnlyForDeploymentPostprocessing = 0;
		};
/* End PBXSourcesBuildPhase section */

/* Begin PBXVariantGroup section */
		670413421F0211EC005BDF55 /* LaunchScreen.storyboard */ = {
			isa = PBXVariantGroup;
			children = (
				670413431F0211EC005BDF55 /* Base */,
			);
			name = LaunchScreen.storyboard;
			sourceTree = "<group>";
		};
/* End PBXVariantGroup section */

/* Begin XCBuildConfiguration section */
		670413461F0211EC005BDF55 /* Debug */ = {
			isa = XCBuildConfiguration;
			buildSettings = {
				ALWAYS_SEARCH_USER_PATHS = NO;
				CLANG_ANALYZER_NONNULL = YES;
				CLANG_ANALYZER_NUMBER_OBJECT_CONVERSION = YES_AGGRESSIVE;
				CLANG_CXX_LANGUAGE_STANDARD = "gnu++0x";
				CLANG_CXX_LIBRARY = "libc++";
				CLANG_ENABLE_MODULES = YES;
				CLANG_ENABLE_OBJC_ARC = YES;
				CLANG_WARN_BOOL_CONVERSION = YES;
				CLANG_WARN_CONSTANT_CONVERSION = YES;
				CLANG_WARN_DIRECT_OBJC_ISA_USAGE = YES_ERROR;
				CLANG_WARN_DOCUMENTATION_COMMENTS = YES;
				CLANG_WARN_EMPTY_BODY = YES;
				CLANG_WARN_ENUM_CONVERSION = YES;
				CLANG_WARN_INFINITE_RECURSION = YES;
				CLANG_WARN_INT_CONVERSION = YES;
				CLANG_WARN_OBJC_ROOT_CLASS = YES_ERROR;
				CLANG_WARN_SUSPICIOUS_MOVE = YES;
				CLANG_WARN_UNREACHABLE_CODE = YES;
				CLANG_WARN__DUPLICATE_METHOD_MATCH = YES;
				"CODE_SIGN_IDENTITY[sdk=iphoneos*]" = "iPhone Developer";
				COPY_PHASE_STRIP = NO;
				DEBUG_INFORMATION_FORMAT = dwarf;
				ENABLE_STRICT_OBJC_MSGSEND = YES;
				ENABLE_TESTABILITY = YES;
				GCC_C_LANGUAGE_STANDARD = gnu99;
				GCC_DYNAMIC_NO_PIC = NO;
				GCC_NO_COMMON_BLOCKS = YES;
				GCC_OPTIMIZATION_LEVEL = 0;
				GCC_PREPROCESSOR_DEFINITIONS = (
					"DEBUG=1",
					"$(inherited)",
				);
				GCC_WARN_64_TO_32_BIT_CONVERSION = YES;
				GCC_WARN_ABOUT_RETURN_TYPE = YES_ERROR;
				GCC_WARN_UNDECLARED_SELECTOR = YES;
				GCC_WARN_UNINITIALIZED_AUTOS = YES_AGGRESSIVE;
				GCC_WARN_UNUSED_FUNCTION = YES;
				GCC_WARN_UNUSED_VARIABLE = YES;
				IPHONEOS_DEPLOYMENT_TARGET = 10.3;
				MTL_ENABLE_DEBUG_INFO = YES;
				ONLY_ACTIVE_ARCH = YES;
				SDKROOT = iphoneos;
			};
			name = Debug;
		};
		670413471F0211EC005BDF55 /* Release */ = {
			isa = XCBuildConfiguration;
			buildSettings = {
				ALWAYS_SEARCH_USER_PATHS = NO;
				CLANG_ANALYZER_NONNULL = YES;
				CLANG_ANALYZER_NUMBER_OBJECT_CONVERSION = YES_AGGRESSIVE;
				CLANG_CXX_LANGUAGE_STANDARD = "gnu++0x";
				CLANG_CXX_LIBRARY = "libc++";
				CLANG_ENABLE_MODULES = YES;
				CLANG_ENABLE_OBJC_ARC = YES;
				CLANG_WARN_BOOL_CONVERSION = YES;
				CLANG_WARN_CONSTANT_CONVERSION = YES;
				CLANG_WARN_DIRECT_OBJC_ISA_USAGE = YES_ERROR;
				CLANG_WARN_DOCUMENTATION_COMMENTS = YES;
				CLANG_WARN_EMPTY_BODY = YES;
				CLANG_WARN_ENUM_CONVERSION = YES;
				CLANG_WARN_INFINITE_RECURSION = YES;
				CLANG_WARN_INT_CONVERSION = YES;
				CLANG_WARN_OBJC_ROOT_CLASS = YES_ERROR;
				CLANG_WARN_SUSPICIOUS_MOVE = YES;
				CLANG_WARN_UNREACHABLE_CODE = YES;
				CLANG_WARN__DUPLICATE_METHOD_MATCH = YES;
				"CODE_SIGN_IDENTITY[sdk=iphoneos*]" = "iPhone Developer";
				COPY_PHASE_STRIP = NO;
				DEBUG_INFORMATION_FORMAT = "dwarf-with-dsym";
				ENABLE_NS_ASSERTIONS = NO;
				ENABLE_STRICT_OBJC_MSGSEND = YES;
				GCC_C_LANGUAGE_STANDARD = gnu99;
				GCC_NO_COMMON_BLOCKS = YES;
				GCC_WARN_64_TO_32_BIT_CONVERSION = YES;
				GCC_WARN_ABOUT_RETURN_TYPE = YES_ERROR;
				GCC_WARN_UNDECLARED_SELECTOR = YES;
				GCC_WARN_UNINITIALIZED_AUTOS = YES_AGGRESSIVE;
				GCC_WARN_UNUSED_FUNCTION = YES;
				GCC_WARN_UNUSED_VARIABLE = YES;
				IPHONEOS_DEPLOYMENT_TARGET = 10.3;
				MTL_ENABLE_DEBUG_INFO = NO;
				SDKROOT = iphoneos;
				VALIDATE_PRODUCT = YES;
			};
			name = Release;
		};
		670413491F0211EC005BDF55 /* Debug */ = {
			isa = XCBuildConfiguration;
			buildSettings = {
				ASSETCATALOG_COMPILER_APPICON_NAME = AppIcon;
				DEVELOPMENT_TEAM = 4HXKSPK349;
				INFOPLIST_FILE = MRFramework/Info.plist;
				IPHONEOS_DEPLOYMENT_TARGET = 8.0;
				LD_RUNPATH_SEARCH_PATHS = "$(inherited) @executable_path/Frameworks";
				PRODUCT_BUNDLE_IDENTIFIER = com.mrxir.MRFramework;
				PRODUCT_NAME = "$(TARGET_NAME)";
			};
			name = Debug;
		};
		6704134A1F0211EC005BDF55 /* Release */ = {
			isa = XCBuildConfiguration;
			buildSettings = {
				ASSETCATALOG_COMPILER_APPICON_NAME = AppIcon;
				DEVELOPMENT_TEAM = 4HXKSPK349;
				INFOPLIST_FILE = MRFramework/Info.plist;
				IPHONEOS_DEPLOYMENT_TARGET = 8.0;
				LD_RUNPATH_SEARCH_PATHS = "$(inherited) @executable_path/Frameworks";
				PRODUCT_BUNDLE_IDENTIFIER = com.mrxir.MRFramework;
				PRODUCT_NAME = "$(TARGET_NAME)";
			};
			name = Release;
		};
/* End XCBuildConfiguration section */

/* Begin XCConfigurationList section */
		6704132C1F0211EB005BDF55 /* Build configuration list for PBXProject "MRFramework" */ = {
			isa = XCConfigurationList;
			buildConfigurations = (
				670413461F0211EC005BDF55 /* Debug */,
				670413471F0211EC005BDF55 /* Release */,
			);
			defaultConfigurationIsVisible = 0;
			defaultConfigurationName = Release;
		};
		670413481F0211EC005BDF55 /* Build configuration list for PBXNativeTarget "MRFramework" */ = {
			isa = XCConfigurationList;
			buildConfigurations = (
				670413491F0211EC005BDF55 /* Debug */,
				6704134A1F0211EC005BDF55 /* Release */,
			);
			defaultConfigurationIsVisible = 0;
			defaultConfigurationName = Release;
		};
/* End XCConfigurationList section */
	};
	rootObject = 670413291F0211EB005BDF55 /* Project object */;
}
