// !$*UTF8*$!
{
	archiveVersion = 1;
	classes = {
	};
	objectVersion = 46;
	objects = {

/* Begin PBXBuildFile section */
		670413361F0211EB005BDF55 /* main.m in Sources */ = {isa = PBXBuildFile; fileRef = 670413351F0211EB005BDF55 /* main.m */; };
		670413391F0211EB005BDF55 /* AppDelegate.m in Sources */ = {isa = PBXBuildFile; fileRef = 670413381F0211EB005BDF55 /* AppDelegate.m */; };
		670413411F0211EB005BDF55 /* Assets.xcassets in Resources */ = {isa = PBXBuildFile; fileRef = 670413401F0211EB005BDF55 /* Assets.xcassets */; };
		670413441F0211EC005BDF55 /* LaunchScreen.storyboard in Resources */ = {isa = PBXBuildFile; fileRef = 670413421F0211EC005BDF55 /* LaunchScreen.storyboard */; };
		6704134E1F022DA2005BDF55 /* UIKit.framework in Frameworks */ = {isa = PBXBuildFile; fileRef = 6704134D1F022DA2005BDF55 /* UIKit.framework */; };
		670413501F022DAC005BDF55 /* Foundation.framework in Frameworks */ = {isa = PBXBuildFile; fileRef = 6704134F1F022DAC005BDF55 /* Foundation.framework */; };
		670413551F02303F005BDF55 /* NSObject+Extension.m in Sources */ = {isa = PBXBuildFile; fileRef = 670413541F02303F005BDF55 /* NSObject+Extension.m */; };
		670413581F02344B005BDF55 /* NSString+TangExtension.m in Sources */ = {isa = PBXBuildFile; fileRef = 670413571F02344B005BDF55 /* NSString+TangExtension.m */; };
		6704135B1F023C07005BDF55 /* NSJSONSerialization+Extension.m in Sources */ = {isa = PBXBuildFile; fileRef = 6704135A1F023C07005BDF55 /* NSJSONSerialization+Extension.m */; };
		670413601F024CE9005BDF55 /* UIView+Extension.m in Sources */ = {isa = PBXBuildFile; fileRef = 6704135F1F024CE9005BDF55 /* UIView+Extension.m */; };
		670413631F0255AC005BDF55 /* UIControl+Extension.m in Sources */ = {isa = PBXBuildFile; fileRef = 670413621F0255AC005BDF55 /* UIControl+Extension.m */; };
		670413661F025715005BDF55 /* UIStoryboard+Extension.m in Sources */ = {isa = PBXBuildFile; fileRef = 670413651F025715005BDF55 /* UIStoryboard+Extension.m */; };
		670413731F03D22A005BDF55 /* NSDictionary+Extension.m in Sources */ = {isa = PBXBuildFile; fileRef = 670413721F03D22A005BDF55 /* NSDictionary+Extension.m */; };
		670F487E1F15BB9400C20F4E /* UIImage+Extension.m in Sources */ = {isa = PBXBuildFile; fileRef = 670F487D1F15BB9400C20F4E /* UIImage+Extension.m */; };
		670F48811F15C42900C20F4E /* UINavigationBar+Extension.m in Sources */ = {isa = PBXBuildFile; fileRef = 670F48801F15C42900C20F4E /* UINavigationBar+Extension.m */; };
		670F48A51F15CD1B00C20F4E /* Main.storyboard in Resources */ = {isa = PBXBuildFile; fileRef = 670F48A41F15CD1B00C20F4E /* Main.storyboard */; };
		670F48AC1F15CE3400C20F4E /* RootViewController.m in Sources */ = {isa = PBXBuildFile; fileRef = 670F48AB1F15CE3400C20F4E /* RootViewController.m */; };
		6775767E1F11162D00715F6B /* MRFramework.podspec in Resources */ = {isa = PBXBuildFile; fileRef = 6775767D1F11162C00715F6B /* MRFramework.podspec */; };
		677576811F11165F00715F6B /* UIApplication+Extension.m in Sources */ = {isa = PBXBuildFile; fileRef = 677576801F11165F00715F6B /* UIApplication+Extension.m */; };
		67D4E0591F32E6B0001CC534 /* NSURL+Extension.m in Sources */ = {isa = PBXBuildFile; fileRef = 67D4E0581F32E6B0001CC534 /* NSURL+Extension.m */; };
		A3E4F8FF207B59AF0055D1A1 /* UITextView+Extension.m in Sources */ = {isa = PBXBuildFile; fileRef = A3E4F8FE207B59AF0055D1A1 /* UITextView+Extension.m */; };
/* End PBXBuildFile section */

/* Begin PBXFileReference section */
		670413311F0211EB005BDF55 /* MRFramework.app */ = {isa = PBXFileReference; explicitFileType = wrapper.application; includeInIndex = 0; path = MRFramework.app; sourceTree = BUILT_PRODUCTS_DIR; };
		670413351F0211EB005BDF55 /* main.m */ = {isa = PBXFileReference; lastKnownFileType = sourcecode.c.objc; path = main.m; sourceTree = "<group>"; };
		670413371F0211EB005BDF55 /* AppDelegate.h */ = {isa = PBXFileReference; lastKnownFileType = sourcecode.c.h; path = AppDelegate.h; sourceTree = "<group>"; };
		670413381F0211EB005BDF55 /* AppDelegate.m */ = {isa = PBXFileReference; lastKnownFileType = sourcecode.c.objc; path = AppDelegate.m; sourceTree = "<group>"; };
		670413401F0211EB005BDF55 /* Assets.xcassets */ = {isa = PBXFileReference; lastKnownFileType = folder.assetcatalog; path = Assets.xcassets; sourceTree = "<group>"; };
		670413431F0211EC005BDF55 /* Base */ = {isa = PBXFileReference; lastKnownFileType = file.storyboard; name = Base; path = Base.lproj/LaunchScreen.storyboard; sourceTree = "<group>"; };
		670413451F0211EC005BDF55 /* Info.plist */ = {isa = PBXFileReference; lastKnownFileType = text.plist.xml; path = Info.plist; sourceTree = "<group>"; };
		6704134D1F022DA2005BDF55 /* UIKit.framework */ = {isa = PBXFileReference; lastKnownFileType = wrapper.framework; name = UIKit.framework; path = System/Library/Frameworks/UIKit.framework; sourceTree = SDKROOT; };
		6704134F1F022DAC005BDF55 /* Foundation.framework */ = {isa = PBXFileReference; lastKnownFileType = wrapper.framework; name = Foundation.framework; path = System/Library/Frameworks/Foundation.framework; sourceTree = SDKROOT; };
		670413531F02303F005BDF55 /* NSObject+Extension.h */ = {isa = PBXFileReference; fileEncoding = 4; lastKnownFileType = sourcecode.c.h; path = "NSObject+Extension.h"; sourceTree = "<group>"; };
		670413541F02303F005BDF55 /* NSObject+Extension.m */ = {isa = PBXFileReference; fileEncoding = 4; lastKnownFileType = sourcecode.c.objc; path = "NSObject+Extension.m"; sourceTree = "<group>"; };
		670413561F02344B005BDF55 /* NSString+TangExtension.h */ = {isa = PBXFileReference; fileEncoding = 4; lastKnownFileType = sourcecode.c.h; path = "NSString+TangExtension.h"; sourceTree = "<group>"; };
		670413571F02344B005BDF55 /* NSString+TangExtension.m */ = {isa = PBXFileReference; fileEncoding = 4; lastKnownFileType = sourcecode.c.objc; path = "NSString+TangExtension.m"; sourceTree = "<group>"; };
		670413591F023C07005BDF55 /* NSJSONSerialization+Extension.h */ = {isa = PBXFileReference; fileEncoding = 4; lastKnownFileType = sourcecode.c.h; path = "NSJSONSerialization+Extension.h"; sourceTree = "<group>"; };
		6704135A1F023C07005BDF55 /* NSJSONSerialization+Extension.m */ = {isa = PBXFileReference; fileEncoding = 4; lastKnownFileType = sourcecode.c.objc; path = "NSJSONSerialization+Extension.m"; sourceTree = "<group>"; };
		6704135C1F024BC7005BDF55 /* MRFoundation.h */ = {isa = PBXFileReference; lastKnownFileType = sourcecode.c.h; path = MRFoundation.h; sourceTree = "<group>"; };
		6704135D1F024C67005BDF55 /* MRUIKit.h */ = {isa = PBXFileReference; lastKnownFileType = sourcecode.c.h; path = MRUIKit.h; sourceTree = "<group>"; };
		6704135E1F024CE9005BDF55 /* UIView+Extension.h */ = {isa = PBXFileReference; fileEncoding = 4; lastKnownFileType = sourcecode.c.h; path = "UIView+Extension.h"; sourceTree = "<group>"; };
		6704135F1F024CE9005BDF55 /* UIView+Extension.m */ = {isa = PBXFileReference; fileEncoding = 4; lastKnownFileType = sourcecode.c.objc; path = "UIView+Extension.m"; sourceTree = "<group>"; };
		670413611F0255AC005BDF55 /* UIControl+Extension.h */ = {isa = PBXFileReference; fileEncoding = 4; lastKnownFileType = sourcecode.c.h; path = "UIControl+Extension.h"; sourceTree = "<group>"; };
		670413621F0255AC005BDF55 /* UIControl+Extension.m */ = {isa = PBXFileReference; fileEncoding = 4; lastKnownFileType = sourcecode.c.objc; path = "UIControl+Extension.m"; sourceTree = "<group>"; };
		670413641F025715005BDF55 /* UIStoryboard+Extension.h */ = {isa = PBXFileReference; fileEncoding = 4; lastKnownFileType = sourcecode.c.h; path = "UIStoryboard+Extension.h"; sourceTree = "<group>"; };
		670413651F025715005BDF55 /* UIStoryboard+Extension.m */ = {isa = PBXFileReference; fileEncoding = 4; lastKnownFileType = sourcecode.c.objc; path = "UIStoryboard+Extension.m"; sourceTree = "<group>"; };
		670413711F03D22A005BDF55 /* NSDictionary+Extension.h */ = {isa = PBXFileReference; fileEncoding = 4; lastKnownFileType = sourcecode.c.h; path = "NSDictionary+Extension.h"; sourceTree = "<group>"; };
		670413721F03D22A005BDF55 /* NSDictionary+Extension.m */ = {isa = PBXFileReference; fileEncoding = 4; lastKnownFileType = sourcecode.c.objc; path = "NSDictionary+Extension.m"; sourceTree = "<group>"; };
		670F487C1F15BB9400C20F4E /* UIImage+Extension.h */ = {isa = PBXFileReference; fileEncoding = 4; lastKnownFileType = sourcecode.c.h; path = "UIImage+Extension.h"; sourceTree = "<group>"; };
		670F487D1F15BB9400C20F4E /* UIImage+Extension.m */ = {isa = PBXFileReference; fileEncoding = 4; lastKnownFileType = sourcecode.c.objc; path = "UIImage+Extension.m"; sourceTree = "<group>"; };
		670F487F1F15C42900C20F4E /* UINavigationBar+Extension.h */ = {isa = PBXFileReference; fileEncoding = 4; lastKnownFileType = sourcecode.c.h; path = "UINavigationBar+Extension.h"; sourceTree = "<group>"; };
		670F48801F15C42900C20F4E /* UINavigationBar+Extension.m */ = {isa = PBXFileReference; fileEncoding = 4; lastKnownFileType = sourcecode.c.objc; path = "UINavigationBar+Extension.m"; sourceTree = "<group>"; };
		670F48A41F15CD1B00C20F4E /* Main.storyboard */ = {isa = PBXFileReference; fileEncoding = 4; lastKnownFileType = file.storyboard; path = Main.storyboard; sourceTree = "<group>"; };
		670F48AA1F15CE3400C20F4E /* RootViewController.h */ = {isa = PBXFileReference; fileEncoding = 4; lastKnownFileType = sourcecode.c.h; path = RootViewController.h; sourceTree = "<group>"; };
		670F48AB1F15CE3400C20F4E /* RootViewController.m */ = {isa = PBXFileReference; fileEncoding = 4; lastKnownFileType = sourcecode.c.objc; path = RootViewController.m; sourceTree = "<group>"; };
		6775767D1F11162C00715F6B /* MRFramework.podspec */ = {isa = PBXFileReference; fileEncoding = 4; lastKnownFileType = text; path = MRFramework.podspec; sourceTree = "<group>"; };
		6775767F1F11165F00715F6B /* UIApplication+Extension.h */ = {isa = PBXFileReference; fileEncoding = 4; lastKnownFileType = sourcecode.c.h; path = "UIApplication+Extension.h"; sourceTree = "<group>"; };
		677576801F11165F00715F6B /* UIApplication+Extension.m */ = {isa = PBXFileReference; fileEncoding = 4; lastKnownFileType = sourcecode.c.objc; path = "UIApplication+Extension.m"; sourceTree = "<group>"; };
		67D4E0571F32E6B0001CC534 /* NSURL+Extension.h */ = {isa = PBXFileReference; fileEncoding = 4; lastKnownFileType = sourcecode.c.h; path = "NSURL+Extension.h"; sourceTree = "<group>"; };
		67D4E0581F32E6B0001CC534 /* NSURL+Extension.m */ = {isa = PBXFileReference; fileEncoding = 4; lastKnownFileType = sourcecode.c.objc; path = "NSURL+Extension.m"; sourceTree = "<group>"; };
		A3E4F8FD207B59AF0055D1A1 /* UITextView+Extension.h */ = {isa = PBXFileReference; lastKnownFileType = sourcecode.c.h; path = "UITextView+Extension.h"; sourceTree = "<group>"; };
		A3E4F8FE207B59AF0055D1A1 /* UITextView+Extension.m */ = {isa = PBXFileReference; lastKnownFileType = sourcecode.c.objc; path = "UITextView+Extension.m"; sourceTree = "<group>"; };
/* End PBXFileReference section */

/* Begin PBXFrameworksBuildPhase section */
		6704132E1F0211EB005BDF55 /* Frameworks */ = {
			isa = PBXFrameworksBuildPhase;
			buildActionMask = 2147483647;
			files = (
				670413501F022DAC005BDF55 /* Foundation.framework in Frameworks */,
				6704134E1F022DA2005BDF55 /* UIKit.framework in Frameworks */,
			);
			runOnlyForDeploymentPostprocessing = 0;
		};
/* End PBXFrameworksBuildPhase section */

/* Begin PBXGroup section */
		670413281F0211EB005BDF55 = {
			isa = PBXGroup;
			children = (
				6775767D1F11162C00715F6B /* MRFramework.podspec */,
				6704134C1F022D7B005BDF55 /* Frameworks */,
				6704134B1F022D34005BDF55 /* Classes */,
				670413331F0211EB005BDF55 /* MRFramework */,
				670413321F0211EB005BDF55 /* Products */,
			);
			sourceTree = "<group>";
		};
		670413321F0211EB005BDF55 /* Products */ = {
			isa = PBXGroup;
			children = (
				670413311F0211EB005BDF55 /* MRFramework.app */,
			);
			name = Products;
			sourceTree = "<group>";
		};
		670413331F0211EB005BDF55 /* MRFramework */ = {
			isa = PBXGroup;
			children = (
				670413371F0211EB005BDF55 /* AppDelegate.h */,
				670413381F0211EB005BDF55 /* AppDelegate.m */,
				670F48AA1F15CE3400C20F4E /* RootViewController.h */,
				670F48AB1F15CE3400C20F4E /* RootViewController.m */,
				670F48A31F15C95C00C20F4E /* Storyboards */,
				670F48821F15C80D00C20F4E /* ViewControllers */,
				670413401F0211EB005BDF55 /* Assets.xcassets */,
				670413421F0211EC005BDF55 /* LaunchScreen.storyboard */,
				670413451F0211EC005BDF55 /* Info.plist */,
				670413341F0211EB005BDF55 /* Supporting Files */,
			);
			path = MRFramework;
			sourceTree = "<group>";
		};
		670413341F0211EB005BDF55 /* Supporting Files */ = {
			isa = PBXGroup;
			children = (
				670413351F0211EB005BDF55 /* main.m */,
			);
			name = "Supporting Files";
			sourceTree = "<group>";
		};
		6704134B1F022D34005BDF55 /* Classes */ = {
			isa = PBXGroup;
			children = (
				670413521F022DCC005BDF55 /* UIKit-Extension */,
				670413511F022DCC005BDF55 /* Foundation-Extension */,
			);
			path = Classes;
			sourceTree = "<group>";
		};
		6704134C1F022D7B005BDF55 /* Frameworks */ = {
			isa = PBXGroup;
			children = (
				6704134D1F022DA2005BDF55 /* UIKit.framework */,
				6704134F1F022DAC005BDF55 /* Foundation.framework */,
			);
			name = Frameworks;
			sourceTree = "<group>";
		};
		670413511F022DCC005BDF55 /* Foundation-Extension */ = {
			isa = PBXGroup;
			children = (
				6704135C1F024BC7005BDF55 /* MRFoundation.h */,
				67D4E0571F32E6B0001CC534 /* NSURL+Extension.h */,
				67D4E0581F32E6B0001CC534 /* NSURL+Extension.m */,
				670413531F02303F005BDF55 /* NSObject+Extension.h */,
				670413541F02303F005BDF55 /* NSObject+Extension.m */,
				670413561F02344B005BDF55 /* NSString+TangExtension.h */,
				670413571F02344B005BDF55 /* NSString+TangExtension.m */,
				670413591F023C07005BDF55 /* NSJSONSerialization+Extension.h */,
				6704135A1F023C07005BDF55 /* NSJSONSerialization+Extension.m */,
				670413711F03D22A005BDF55 /* NSDictionary+Extension.h */,
				670413721F03D22A005BDF55 /* NSDictionary+Extension.m */,
			);
			path = "Foundation-Extension";
			sourceTree = "<group>";
		};
		670413521F022DCC005BDF55 /* UIKit-Extension */ = {
			isa = PBXGroup;
			children = (
				6704135D1F024C67005BDF55 /* MRUIKit.h */,
				6704135E1F024CE9005BDF55 /* UIView+Extension.h */,
				6704135F1F024CE9005BDF55 /* UIView+Extension.m */,
				670413611F0255AC005BDF55 /* UIControl+Extension.h */,
				670413621F0255AC005BDF55 /* UIControl+Extension.m */,
				670413641F025715005BDF55 /* UIStoryboard+Extension.h */,
				670413651F025715005BDF55 /* UIStoryboard+Extension.m */,
				6775767F1F11165F00715F6B /* UIApplication+Extension.h */,
				677576801F11165F00715F6B /* UIApplication+Extension.m */,
				670F487C1F15BB9400C20F4E /* UIImage+Extension.h */,
				670F487D1F15BB9400C20F4E /* UIImage+Extension.m */,
				670F487F1F15C42900C20F4E /* UINavigationBar+Extension.h */,
				670F48801F15C42900C20F4E /* UINavigationBar+Extension.m */,
				A3E4F8FD207B59AF0055D1A1 /* UITextView+Extension.h */,
				A3E4F8FE207B59AF0055D1A1 /* UITextView+Extension.m */,
			);
			path = "UIKit-Extension";
			sourceTree = "<group>";
		};
		670F48821F15C80D00C20F4E /* ViewControllers */ = {
			isa = PBXGroup;
			children = (
			);
			name = ViewControllers;
			sourceTree = "<group>";
		};
		670F48A31F15C95C00C20F4E /* Storyboards */ = {
			isa = PBXGroup;
			children = (
				670F48A41F15CD1B00C20F4E /* Main.storyboard */,
			);
			name = Storyboards;
			sourceTree = "<group>";
		};
/* End PBXGroup section */

/* Begin PBXNativeTarget section */
		670413301F0211EB005BDF55 /* MRFramework */ = {
			isa = PBXNativeTarget;
			buildConfigurationList = 670413481F0211EC005BDF55 /* Build configuration list for PBXNativeTarget "MRFramework" */;
			buildPhases = (
				6704132D1F0211EB005BDF55 /* Sources */,
				6704132E1F0211EB005BDF55 /* Frameworks */,
				6704132F1F0211EB005BDF55 /* Resources */,
			);
			buildRules = (
			);
			dependencies = (
			);
			name = MRFramework;
			productName = MRFramework;
			productReference = 670413311F0211EB005BDF55 /* MRFramework.app */;
			productType = "com.apple.product-type.application";
		};
/* End PBXNativeTarget section */

/* Begin PBXProject section */
		670413291F0211EB005BDF55 /* Project object */ = {
			isa = PBXProject;
			attributes = {
				LastUpgradeCheck = 0830;
				ORGANIZATIONNAME = MrXir;
				TargetAttributes = {
					670413301F0211EB005BDF55 = {
						CreatedOnToolsVersion = 8.3.2;
						DevelopmentTeam = 4HXKSPK349;
						ProvisioningStyle = Automatic;
					};
				};
			};
			buildConfigurationList = 6704132C1F0211EB005BDF55 /* Build configuration list for PBXProject "MRFramework" */;
			compatibilityVersion = "Xcode 3.2";
			developmentRegion = English;
			hasScannedForEncodings = 0;
			knownRegions = (
				English,
				en,
				Base,
			);
			mainGroup = 670413281F0211EB005BDF55;
			productRefGroup = 670413321F0211EB005BDF55 /* Products */;
			projectDirPath = "";
			projectRoot = "";
			targets = (
				670413301F0211EB005BDF55 /* MRFramework */,
			);
		};
/* End PBXProject section */

/* Begin PBXResourcesBuildPhase section */
		6704132F1F0211EB005BDF55 /* Resources */ = {
			isa = PBXResourcesBuildPhase;
			buildActionMask = 2147483647;
			files = (
				670413441F0211EC005BDF55 /* LaunchScreen.storyboard in Resources */,
				6775767E1F11162D00715F6B /* MRFramework.podspec in Resources */,
				670413411F0211EB005BDF55 /* Assets.xcassets in Resources */,
				670F48A51F15CD1B00C20F4E /* Main.storyboard in Resources */,
			);
			runOnlyForDeploymentPostprocessing = 0;
		};
/* End PBXResourcesBuildPhase section */

/* Begin PBXSourcesBuildPhase section */
		6704132D1F0211EB005BDF55 /* Sources */ = {
			isa = PBXSourcesBuildPhase;
			buildActionMask = 2147483647;
			files = (
				670F48AC1F15CE3400C20F4E /* RootViewController.m in Sources */,
				670413731F03D22A005BDF55 /* NSDictionary+Extension.m in Sources */,
				67D4E0591F32E6B0001CC534 /* NSURL+Extension.m in Sources */,
				677576811F11165F00715F6B /* UIApplication+Extension.m in Sources */,
				670413581F02344B005BDF55 /* NSString+TangExtension.m in Sources */,
				670413391F0211EB005BDF55 /* AppDelegate.m in Sources */,
				670413601F024CE9005BDF55 /* UIView+Extension.m in Sources */,
				A3E4F8FF207B59AF0055D1A1 /* UITextView+Extension.m in Sources */,
				670413661F025715005BDF55 /* UIStoryboard+Extension.m in Sources */,
				670F48811F15C42900C20F4E /* UINavigationBar+Extension.m in Sources */,
				670413361F0211EB005BDF55 /* main.m in Sources */,
				670F487E1F15BB9400C20F4E /* UIImage+Extension.m in Sources */,
				670413551F02303F005BDF55 /* NSObject+Extension.m in Sources */,
				6704135B1F023C07005BDF55 /* NSJSONSerialization+Extension.m in Sources */,
				670413631F0255AC005BDF55 /* UIControl+Extension.m in Sources */,
			);
			runOnlyForDeploymentPostprocessing = 0;
		};
/* End PBXSourcesBuildPhase section */

/* Begin PBXVariantGroup section */
		670413421F0211EC005BDF55 /* LaunchScreen.storyboard */ = {
			isa = PBXVariantGroup;
			children = (
				670413431F0211EC005BDF55 /* Base */,
			);
			name = LaunchScreen.storyboard;
			sourceTree = "<group>";
		};
/* End PBXVariantGroup section */

/* Begin XCBuildConfiguration section */
		670413461F0211EC005BDF55 /* Debug */ = {
			isa = XCBuildConfiguration;
			buildSettings = {
				ALWAYS_SEARCH_USER_PATHS = NO;
				CLANG_ANALYZER_NONNULL = YES;
				CLANG_ANALYZER_NUMBER_OBJECT_CONVERSION = YES_AGGRESSIVE;
				CLANG_CXX_LANGUAGE_STANDARD = "gnu++0x";
				CLANG_CXX_LIBRARY = "libc++";
				CLANG_ENABLE_MODULES = YES;
				CLANG_ENABLE_OBJC_ARC = YES;
				CLANG_WARN_BOOL_CONVERSION = YES;
				CLANG_WARN_CONSTANT_CONVERSION = YES;
				CLANG_WARN_DIRECT_OBJC_ISA_USAGE = YES_ERROR;
				CLANG_WARN_DOCUMENTATION_COMMENTS = YES;
				CLANG_WARN_EMPTY_BODY = YES;
				CLANG_WARN_ENUM_CONVERSION = YES;
				CLANG_WARN_INFINITE_RECURSION = YES;
				CLANG_WARN_INT_CONVERSION = YES;
				CLANG_WARN_OBJC_ROOT_CLASS = YES_ERROR;
				CLANG_WARN_SUSPICIOUS_MOVE = YES;
				CLANG_WARN_UNREACHABLE_CODE = YES;
				CLANG_WARN__DUPLICATE_METHOD_MATCH = YES;
				"CODE_SIGN_IDENTITY[sdk=iphoneos*]" = "iPhone Developer";
				COPY_PHASE_STRIP = NO;
				DEBUG_INFORMATION_FORMAT = dwarf;
				ENABLE_STRICT_OBJC_MSGSEND = YES;
				ENABLE_TESTABILITY = YES;
				GCC_C_LANGUAGE_STANDARD = gnu99;
				GCC_DYNAMIC_NO_PIC = NO;
				GCC_NO_COMMON_BLOCKS = YES;
				GCC_OPTIMIZATION_LEVEL = 0;
				GCC_PREPROCESSOR_DEFINITIONS = (
					"DEBUG=1",
					"$(inherited)",
				);
				GCC_WARN_64_TO_32_BIT_CONVERSION = YES;
				GCC_WARN_ABOUT_RETURN_TYPE = YES_ERROR;
				GCC_WARN_UNDECLARED_SELECTOR = YES;
				GCC_WARN_UNINITIALIZED_AUTOS = YES_AGGRESSIVE;
				GCC_WARN_UNUSED_FUNCTION = YES;
				GCC_WARN_UNUSED_VARIABLE = YES;
				IPHONEOS_DEPLOYMENT_TARGET = 10.3;
				MTL_ENABLE_DEBUG_INFO = YES;
				ONLY_ACTIVE_ARCH = YES;
				SDKROOT = iphoneos;
			};
			name = Debug;
		};
		670413471F0211EC005BDF55 /* Release */ = {
			isa = XCBuildConfiguration;
			buildSettings = {
				ALWAYS_SEARCH_USER_PATHS = NO;
				CLANG_ANALYZER_NONNULL = YES;
				CLANG_ANALYZER_NUMBER_OBJECT_CONVERSION = YES_AGGRESSIVE;
				CLANG_CXX_LANGUAGE_STANDARD = "gnu++0x";
				CLANG_CXX_LIBRARY = "libc++";
				CLANG_ENABLE_MODULES = YES;
				CLANG_ENABLE_OBJC_ARC = YES;
				CLANG_WARN_BOOL_CONVERSION = YES;
				CLANG_WARN_CONSTANT_CONVERSION = YES;
				CLANG_WARN_DIRECT_OBJC_ISA_USAGE = YES_ERROR;
				CLANG_WARN_DOCUMENTATION_COMMENTS = YES;
				CLANG_WARN_EMPTY_BODY = YES;
				CLANG_WARN_ENUM_CONVERSION = YES;
				CLANG_WARN_INFINITE_RECURSION = YES;
				CLANG_WARN_INT_CONVERSION = YES;
				CLANG_WARN_OBJC_ROOT_CLASS = YES_ERROR;
				CLANG_WARN_SUSPICIOUS_MOVE = YES;
				CLANG_WARN_UNREACHABLE_CODE = YES;
				CLANG_WARN__DUPLICATE_METHOD_MATCH = YES;
				"CODE_SIGN_IDENTITY[sdk=iphoneos*]" = "iPhone Developer";
				COPY_PHASE_STRIP = NO;
				DEBUG_INFORMATION_FORMAT = "dwarf-with-dsym";
				ENABLE_NS_ASSERTIONS = NO;
				ENABLE_STRICT_OBJC_MSGSEND = YES;
				GCC_C_LANGUAGE_STANDARD = gnu99;
				GCC_NO_COMMON_BLOCKS = YES;
				GCC_WARN_64_TO_32_BIT_CONVERSION = YES;
				GCC_WARN_ABOUT_RETURN_TYPE = YES_ERROR;
				GCC_WARN_UNDECLARED_SELECTOR = YES;
				GCC_WARN_UNINITIALIZED_AUTOS = YES_AGGRESSIVE;
				GCC_WARN_UNUSED_FUNCTION = YES;
				GCC_WARN_UNUSED_VARIABLE = YES;
				IPHONEOS_DEPLOYMENT_TARGET = 10.3;
				MTL_ENABLE_DEBUG_INFO = NO;
				SDKROOT = iphoneos;
				VALIDATE_PRODUCT = YES;
			};
			name = Release;
		};
		670413491F0211EC005BDF55 /* Debug */ = {
			isa = XCBuildConfiguration;
			buildSettings = {
				ASSETCATALOG_COMPILER_APPICON_NAME = AppIcon;
				DEVELOPMENT_TEAM = 4HXKSPK349;
				INFOPLIST_FILE = MRFramework/Info.plist;
				IPHONEOS_DEPLOYMENT_TARGET = 8.0;
				LD_RUNPATH_SEARCH_PATHS = "$(inherited) @executable_path/Frameworks";
				PRODUCT_BUNDLE_IDENTIFIER = com.mrxir.MRFramework;
				PRODUCT_NAME = "$(TARGET_NAME)";
			};
			name = Debug;
		};
		6704134A1F0211EC005BDF55 /* Release */ = {
			isa = XCBuildConfiguration;
			buildSettings = {
				ASSETCATALOG_COMPILER_APPICON_NAME = AppIcon;
				DEVELOPMENT_TEAM = 4HXKSPK349;
				INFOPLIST_FILE = MRFramework/Info.plist;
				IPHONEOS_DEPLOYMENT_TARGET = 8.0;
				LD_RUNPATH_SEARCH_PATHS = "$(inherited) @executable_path/Frameworks";
				PRODUCT_BUNDLE_IDENTIFIER = com.mrxir.MRFramework;
				PRODUCT_NAME = "$(TARGET_NAME)";
			};
			name = Release;
		};
/* End XCBuildConfiguration section */

/* Begin XCConfigurationList section */
		6704132C1F0211EB005BDF55 /* Build configuration list for PBXProject "MRFramework" */ = {
			isa = XCConfigurationList;
			buildConfigurations = (
				670413461F0211EC005BDF55 /* Debug */,
				670413471F0211EC005BDF55 /* Release */,
			);
			defaultConfigurationIsVisible = 0;
			defaultConfigurationName = Release;
		};
		670413481F0211EC005BDF55 /* Build configuration list for PBXNativeTarget "MRFramework" */ = {
			isa = XCConfigurationList;
			buildConfigurations = (
				670413491F0211EC005BDF55 /* Debug */,
				6704134A1F0211EC005BDF55 /* Release */,
			);
			defaultConfigurationIsVisible = 0;
			defaultConfigurationName = Release;
		};
/* End XCConfigurationList section */
	};
	rootObject = 670413291F0211EB005BDF55 /* Project object */;
}
